
Microsoft Visual Studio Solution File, Format Version 12.00
# Visual Studio Version 17
VisualStudioVersion = 17.7.34031.279
MinimumVisualStudioVersion = 10.0.40219.1
Project("{FAE04EC0-301F-11D3-BF4B-00C04F79EFBC}") = "Pendu game", "Pendu game\Pendu game.csproj", "{EEBBB57F-8CD6-4AB0-93FB-FB017ADBB455}"
EndProject
Global
	GlobalSection(SolutionConfigurationPlatforms) = preSolution
		Debug|Any CPU = Debug|Any CPU
		Release|Any CPU = Release|Any CPU
	EndGlobalSection
	GlobalSection(ProjectConfigurationPlatforms) = postSolution
		{EEBBB57F-8CD6-4AB0-93FB-FB017ADBB455}.Debug|Any CPU.ActiveCfg = Debug|Any CPU
		{EEBBB57F-8CD6-4AB0-93FB-FB017ADBB455}.Debug|Any CPU.Build.0 = Debug|Any CPU
		{EEBBB57F-8CD6-4AB0-93FB-FB017ADBB455}.Release|Any CPU.ActiveCfg = Release|Any CPU
		{EEBBB57F-8CD6-4AB0-93FB-FB017ADBB455}.Release|Any CPU.Build.0 = Release|Any CPU
	EndGlobalSection
	GlobalSection(SolutionProperties) = preSolution
		HideSolutionNode = FALSE
	EndGlobalSection
	GlobalSection(ExtensibilityGlobals) = postSolution
		SolutionGuid = {1BF56361-FB2E-4EA1-B3A6-822269A14F0B}
	EndGlobalSection
EndGlobal
